
Microsoft Visual Studio Solution File, Format Version 12.00
# Visual Studio 15
VisualStudioVersion = 15.0.28010.2048
MinimumVisualStudioVersion = 10.0.40219.1
Project("{9A19103F-16F7-4668-BE54-9A1E7A4F7556}") = "CustomerOrdersService", "CustomerOrdersService\CustomerOrdersService.csproj", "{4933CB91-78DE-4CF1-AA80-97A617AC4A82}"
EndProject
Project("{FAE04EC0-301F-11D3-BF4B-00C04F79EFBC}") = "CustomerOrdersService.Tests", "CustomerOrdersService.Tests\CustomerOrdersService.Tests.csproj", "{ACDA9D16-CC8B-4841-9142-27FCEF74BCD6}"
EndProject
Global
	GlobalSection(SolutionConfigurationPlatforms) = preSolution
		Debug|Any CPU = Debug|Any CPU
		Release|Any CPU = Release|Any CPU
	EndGlobalSection
	GlobalSection(ProjectConfigurationPlatforms) = postSolution
		{4933CB91-78DE-4CF1-AA80-97A617AC4A82}.Debug|Any CPU.ActiveCfg = Debug|Any CPU
		{4933CB91-78DE-4CF1-AA80-97A617AC4A82}.Debug|Any CPU.Build.0 = Debug|Any CPU
		{4933CB91-78DE-4CF1-AA80-97A617AC4A82}.Release|Any CPU.ActiveCfg = Release|Any CPU
		{4933CB91-78DE-4CF1-AA80-97A617AC4A82}.Release|Any CPU.Build.0 = Release|Any CPU
		{ACDA9D16-CC8B-4841-9142-27FCEF74BCD6}.Debug|Any CPU.ActiveCfg = Debug|Any CPU
		{ACDA9D16-CC8B-4841-9142-27FCEF74BCD6}.Debug|Any CPU.Build.0 = Debug|Any CPU
		{ACDA9D16-CC8B-4841-9142-27FCEF74BCD6}.Release|Any CPU.ActiveCfg = Release|Any CPU
		{ACDA9D16-CC8B-4841-9142-27FCEF74BCD6}.Release|Any CPU.Build.0 = Release|Any CPU
	EndGlobalSection
	GlobalSection(SolutionProperties) = preSolution
		HideSolutionNode = FALSE
	EndGlobalSection
	GlobalSection(ExtensibilityGlobals) = postSolution
		SolutionGuid = {9B1AEB38-DA03-4CA6-8DE2-74BA8208BF84}
	EndGlobalSection
EndGlobal
